SITE
  remote: http://community.opscode.com/api/v1
  specs:
    apt (1.1.2)
    aws (0.100.4)
    build-essential (1.0.0)
    chef_handler (1.1.2)
    dmg (1.1.0)
    git (2.1.0)
      build-essential (>= 0.0.0)
      dmg (>= 0.0.0)
      runit (>= 0.0.0)
      windows (>= 0.0.0)
      yum (>= 0.0.0)
    logrotate (1.0.2)
    nginx (1.1.2)
      build-essential (>= 0.0.0)
      ohai (>= 1.1.2)
    ohai (1.1.4)
    runit (0.16.0)
    unicorn (1.1.0)
    windows (1.6.0)
      chef_handler (>= 0.0.0)
    yum (2.0.6)

GIT
  remote: git://github.com/fnichol/chef-rvm.git
  ref: v0.9.0
  sha: 4a408e5d6c5a52c37388a799c516430263339849
  specs:
    rvm (0.9.0)

DEPENDENCIES
  apt (= 1.1.2)
  aws (>= 0)
  build-essential (= 1.0.0)
  git (>= 0)
  logrotate (>= 0)
  nginx (>= 0)
  rvm (>= 0)
  unicorn (>= 0)

